
Microsoft Visual Studio Solution File, Format Version 12.00
# Visual Studio 15
VisualStudioVersion = 15.0.28010.2041
MinimumVisualStudioVersion = 10.0.40219.1
Project("{FAE04EC0-301F-11D3-BF4B-00C04F79EFBC}") = "SiteMVC", "SiteMVC\SiteMVC.csproj", "{F8F66F1D-812F-4F55-A76B-02C27F5717AA}"
EndProject
Global
	GlobalSection(SolutionConfigurationPlatforms) = preSolution
		Debug|Any CPU = Debug|Any CPU
		Release|Any CPU = Release|Any CPU
	EndGlobalSection
	GlobalSection(ProjectConfigurationPlatforms) = postSolution
		{F8F66F1D-812F-4F55-A76B-02C27F5717AA}.Debug|Any CPU.ActiveCfg = Debug|Any CPU
		{F8F66F1D-812F-4F55-A76B-02C27F5717AA}.Debug|Any CPU.Build.0 = Debug|Any CPU
		{F8F66F1D-812F-4F55-A76B-02C27F5717AA}.Release|Any CPU.ActiveCfg = Release|Any CPU
		{F8F66F1D-812F-4F55-A76B-02C27F5717AA}.Release|Any CPU.Build.0 = Release|Any CPU
	EndGlobalSection
	GlobalSection(SolutionProperties) = preSolution
		HideSolutionNode = FALSE
	EndGlobalSection
	GlobalSection(ExtensibilityGlobals) = postSolution
		SolutionGuid = {6C6E71A8-3BA0-4A3E-8D02-C080374452E3}
	EndGlobalSection
EndGlobal
